
Microsoft Visual Studio Solution File, Format Version 12.00
Project("{FAE04EC0-301F-11D3-BF4B-00C04F79EFBC}") = "SCP-008", "SCP-008\SCP-008.csproj", "{C78C26C7-7F7C-4487-9F4D-F828A3FC8912}"
EndProject
Global
	GlobalSection(SolutionConfigurationPlatforms) = preSolution
		Debug|Any CPU = Debug|Any CPU
		Release|Any CPU = Release|Any CPU
	EndGlobalSection
	GlobalSection(ProjectConfigurationPlatforms) = postSolution
		{C78C26C7-7F7C-4487-9F4D-F828A3FC8912}.Debug|Any CPU.ActiveCfg = Debug|Any CPU
		{C78C26C7-7F7C-4487-9F4D-F828A3FC8912}.Debug|Any CPU.Build.0 = Debug|Any CPU
		{C78C26C7-7F7C-4487-9F4D-F828A3FC8912}.Release|Any CPU.ActiveCfg = Release|Any CPU
		{C78C26C7-7F7C-4487-9F4D-F828A3FC8912}.Release|Any CPU.Build.0 = Release|Any CPU
	EndGlobalSection
EndGlobal
